
Microsoft Visual Studio Solution File, Format Version 12.00
# Visual Studio Version 16
VisualStudioVersion = 16.0.810.16
MinimumVisualStudioVersion = 10.0.40219.1
Project("{FAE04EC0-301F-11D3-BF4B-00C04F79EFBC}") = "APIDemoTax", "APIDemoTax\APIDemoTax.csproj", "{19AC0FA0-F570-43C8-9AD6-ECEAEFC78D3A}"
EndProject
Global
	GlobalSection(SolutionConfigurationPlatforms) = preSolution
		Debug|anycpu = Debug|anycpu
		Release|anycpu = Release|anycpu
	EndGlobalSection
	GlobalSection(ProjectConfigurationPlatforms) = postSolution
		{19AC0FA0-F570-43C8-9AD6-ECEAEFC78D3A}.Debug|anycpu.ActiveCfg = Debug|anycpu
		{19AC0FA0-F570-43C8-9AD6-ECEAEFC78D3A}.Debug|anycpu.Build.0 = Debug|anycpu
		{19AC0FA0-F570-43C8-9AD6-ECEAEFC78D3A}.Release|anycpu.ActiveCfg = Release|anycpu
		{19AC0FA0-F570-43C8-9AD6-ECEAEFC78D3A}.Release|anycpu.Build.0 = Release|anycpu
	EndGlobalSection
	GlobalSection(SolutionProperties) = preSolution
		HideSolutionNode = FALSE
	EndGlobalSection
	GlobalSection(ExtensibilityGlobals) = postSolution
		SolutionGuid = {BF764487-6B38-4E95-9931-500B17ABDABD}
	EndGlobalSection
EndGlobal
